
Microsoft Visual Studio Solution File, Format Version 12.00
# Visual Studio Version 17
VisualStudioVersion = 17.5.002.0
MinimumVisualStudioVersion = 10.0.40219.1
Project("{9A19103F-16F7-4668-BE54-9A1E7A4F7556}") = "007_Henfald", "007_Henfald.csproj", "{AFC9FA1A-35C0-443B-BFEC-12A8C671A52A}"
EndProject
Global
	GlobalSection(SolutionConfigurationPlatforms) = preSolution
		Debug|Any CPU = Debug|Any CPU
		Release|Any CPU = Release|Any CPU
	EndGlobalSection
	GlobalSection(ProjectConfigurationPlatforms) = postSolution
		{AFC9FA1A-35C0-443B-BFEC-12A8C671A52A}.Debug|Any CPU.ActiveCfg = Debug|Any CPU
		{AFC9FA1A-35C0-443B-BFEC-12A8C671A52A}.Debug|Any CPU.Build.0 = Debug|Any CPU
		{AFC9FA1A-35C0-443B-BFEC-12A8C671A52A}.Release|Any CPU.ActiveCfg = Release|Any CPU
		{AFC9FA1A-35C0-443B-BFEC-12A8C671A52A}.Release|Any CPU.Build.0 = Release|Any CPU
	EndGlobalSection
	GlobalSection(SolutionProperties) = preSolution
		HideSolutionNode = FALSE
	EndGlobalSection
	GlobalSection(ExtensibilityGlobals) = postSolution
		SolutionGuid = {9F50EA3C-B043-446F-8605-1B1C9497ECCF}
	EndGlobalSection
EndGlobal
